// !$*UTF8*$!
{
	archiveVersion = 1;
	classes = {
	};
	objectVersion = 56;
	objects = {

/* Begin PBXBuildFile section */
		BA3B9EA52B16ADAA00EED3B8 /* PhotoGalleryAppApp.swift in Sources */ = {isa = PBXBuildFile; fileRef = BA3B9EA42B16ADAA00EED3B8 /* PhotoGalleryAppApp.swift */; };
		BA3B9EA72B16ADAA00EED3B8 /* ContentView.swift in Sources */ = {isa = PBXBuildFile; fileRef = BA3B9EA62B16ADAA00EED3B8 /* ContentView.swift */; };
		BA3B9EA92B16ADAB00EED3B8 /* Assets.xcassets in Resources */ = {isa = PBXBuildFile; fileRef = BA3B9EA82B16ADAB00EED3B8 /* Assets.xcassets */; };
		BA3B9EAC2B16ADAB00EED3B8 /* Preview Assets.xcassets in Resources */ = {isa = PBXBuildFile; fileRef = BA3B9EAB2B16ADAB00EED3B8 /* Preview Assets.xcassets */; };
		BA3B9EB62B16ADAC00EED3B8 /* PhotoGalleryAppTests.swift in Sources */ = {isa = PBXBuildFile; fileRef = BA3B9EB52B16ADAC00EED3B8 /* PhotoGalleryAppTests.swift */; };
		BA3B9EC02B16ADAC00EED3B8 /* PhotoGalleryAppUITests.swift in Sources */ = {isa = PBXBuildFile; fileRef = BA3B9EBF2B16ADAC00EED3B8 /* PhotoGalleryAppUITests.swift */; };
		BA3B9EC22B16ADAC00EED3B8 /* PhotoGalleryAppUITestsLaunchTests.swift in Sources */ = {isa = PBXBuildFile; fileRef = BA3B9EC12B16ADAC00EED3B8 /* PhotoGalleryAppUITestsLaunchTests.swift */; };
		BAE4DB582B185B0D00B7672C /* FullscreenImageView.swift in Sources */ = {isa = PBXBuildFile; fileRef = BAE4DB572B185B0D00B7672C /* FullscreenImageView.swift */; };
		BAE4DB5A2B185D4600B7672C /* ImagePicker.swift in Sources */ = {isa = PBXBuildFile; fileRef = BAE4DB592B185D4600B7672C /* ImagePicker.swift */; };
		BAE4DB5C2B185E0D00B7672C /* FolderView.swift in Sources */ = {isa = PBXBuildFile; fileRef = BAE4DB5B2B185E0D00B7672C /* FolderView.swift */; };
		BAE4DB5E2B185E3E00B7672C /* PhotoGridView.swift in Sources */ = {isa = PBXBuildFile; fileRef = BAE4DB5D2B185E3E00B7672C /* PhotoGridView.swift */; };
		BAE4DB602B185E5C00B7672C /* NewFolderView.swift in Sources */ = {isa = PBXBuildFile; fileRef = BAE4DB5F2B185E5C00B7672C /* NewFolderView.swift */; };
		BAE4DB622B185EBC00B7672C /* FolderSelectionView.swift in Sources */ = {isa = PBXBuildFile; fileRef = BAE4DB612B185EBC00B7672C /* FolderSelectionView.swift */; };
		BAE4DB642B185EE900B7672C /* PhotoFolder.swift in Sources */ = {isa = PBXBuildFile; fileRef = BAE4DB632B185EE900B7672C /* PhotoFolder.swift */; };
/* End PBXBuildFile section */

/* Begin PBXContainerItemProxy section */
		BA3B9EB22B16ADAC00EED3B8 /* PBXContainerItemProxy */ = {
			isa = PBXContainerItemProxy;
			containerPortal = BA3B9E992B16ADA900EED3B8 /* Project object */;
			proxyType = 1;
			remoteGlobalIDString = BA3B9EA02B16ADAA00EED3B8;
			remoteInfo = PhotoGalleryApp;
		};
		BA3B9EBC2B16ADAC00EED3B8 /* PBXContainerItemProxy */ = {
			isa = PBXContainerItemProxy;
			containerPortal = BA3B9E992B16ADA900EED3B8 /* Project object */;
			proxyType = 1;
			remoteGlobalIDString = BA3B9EA02B16ADAA00EED3B8;
			remoteInfo = PhotoGalleryApp;
		};
/* End PBXContainerItemProxy section */

/* Begin PBXFileReference section */
		BA3B9EA12B16ADAA00EED3B8 /* PhotoGalleryApp.app */ = {isa = PBXFileReference; explicitFileType = wrapper.application; includeInIndex = 0; path = PhotoGalleryApp.app; sourceTree = BUILT_PRODUCTS_DIR; };
		BA3B9EA42B16ADAA00EED3B8 /* PhotoGalleryAppApp.swift */ = {isa = PBXFileReference; lastKnownFileType = sourcecode.swift; path = PhotoGalleryAppApp.swift; sourceTree = "<group>"; };
		BA3B9EA62B16ADAA00EED3B8 /* ContentView.swift */ = {isa = PBXFileReference; lastKnownFileType = sourcecode.swift; path = ContentView.swift; sourceTree = "<group>"; };
		BA3B9EA82B16ADAB00EED3B8 /* Assets.xcassets */ = {isa = PBXFileReference; lastKnownFileType = folder.assetcatalog; path = Assets.xcassets; sourceTree = "<group>"; };
		BA3B9EAB2B16ADAB00EED3B8 /* Preview Assets.xcassets */ = {isa = PBXFileReference; lastKnownFileType = folder.assetcatalog; path = "Preview Assets.xcassets"; sourceTree = "<group>"; };
		BA3B9EB12B16ADAC00EED3B8 /* PhotoGalleryAppTests.xctest */ = {isa = PBXFileReference; explicitFileType = wrapper.cfbundle; includeInIndex = 0; path = PhotoGalleryAppTests.xctest; sourceTree = BUILT_PRODUCTS_DIR; };
		BA3B9EB52B16ADAC00EED3B8 /* PhotoGalleryAppTests.swift */ = {isa = PBXFileReference; lastKnownFileType = sourcecode.swift; path = PhotoGalleryAppTests.swift; sourceTree = "<group>"; };
		BA3B9EBB2B16ADAC00EED3B8 /* PhotoGalleryAppUITests.xctest */ = {isa = PBXFileReference; explicitFileType = wrapper.cfbundle; includeInIndex = 0; path = PhotoGalleryAppUITests.xctest; sourceTree = BUILT_PRODUCTS_DIR; };
		BA3B9EBF2B16ADAC00EED3B8 /* PhotoGalleryAppUITests.swift */ = {isa = PBXFileReference; lastKnownFileType = sourcecode.swift; path = PhotoGalleryAppUITests.swift; sourceTree = "<group>"; };
		BA3B9EC12B16ADAC00EED3B8 /* PhotoGalleryAppUITestsLaunchTests.swift */ = {isa = PBXFileReference; lastKnownFileType = sourcecode.swift; path = PhotoGalleryAppUITestsLaunchTests.swift; sourceTree = "<group>"; };
		BAE4DB572B185B0D00B7672C /* FullscreenImageView.swift */ = {isa = PBXFileReference; lastKnownFileType = sourcecode.swift; path = FullscreenImageView.swift; sourceTree = "<group>"; };
		BAE4DB592B185D4600B7672C /* ImagePicker.swift */ = {isa = PBXFileReference; lastKnownFileType = sourcecode.swift; path = ImagePicker.swift; sourceTree = "<group>"; };
		BAE4DB5B2B185E0D00B7672C /* FolderView.swift */ = {isa = PBXFileReference; lastKnownFileType = sourcecode.swift; path = FolderView.swift; sourceTree = "<group>"; };
		BAE4DB5D2B185E3E00B7672C /* PhotoGridView.swift */ = {isa = PBXFileReference; lastKnownFileType = sourcecode.swift; path = PhotoGridView.swift; sourceTree = "<group>"; };
		BAE4DB5F2B185E5C00B7672C /* NewFolderView.swift */ = {isa = PBXFileReference; lastKnownFileType = sourcecode.swift; path = NewFolderView.swift; sourceTree = "<group>"; };
		BAE4DB612B185EBC00B7672C /* FolderSelectionView.swift */ = {isa = PBXFileReference; lastKnownFileType = sourcecode.swift; path = FolderSelectionView.swift; sourceTree = "<group>"; };
		BAE4DB632B185EE900B7672C /* PhotoFolder.swift */ = {isa = PBXFileReference; lastKnownFileType = sourcecode.swift; path = PhotoFolder.swift; sourceTree = "<group>"; };
/* End PBXFileReference section */

/* Begin PBXFrameworksBuildPhase section */
		BA3B9E9E2B16ADAA00EED3B8 /* Frameworks */ = {
			isa = PBXFrameworksBuildPhase;
			buildActionMask = 2147483647;
			files = (
			);
			runOnlyForDeploymentPostprocessing = 0;
		};
		BA3B9EAE2B16ADAC00EED3B8 /* Frameworks */ = {
			isa = PBXFrameworksBuildPhase;
			buildActionMask = 2147483647;
			files = (
			);
			runOnlyForDeploymentPostprocessing = 0;
		};
		BA3B9EB82B16ADAC00EED3B8 /* Frameworks */ = {
			isa = PBXFrameworksBuildPhase;
			buildActionMask = 2147483647;
			files = (
			);
			runOnlyForDeploymentPostprocessing = 0;
		};
/* End PBXFrameworksBuildPhase section */

/* Begin PBXGroup section */
		BA3B9E982B16ADA900EED3B8 = {
			isa = PBXGroup;
			children = (
				BA3B9EA32B16ADAA00EED3B8 /* PhotoGalleryApp */,
				BA3B9EB42B16ADAC00EED3B8 /* PhotoGalleryAppTests */,
				BA3B9EBE2B16ADAC00EED3B8 /* PhotoGalleryAppUITests */,
				BA3B9EA22B16ADAA00EED3B8 /* Products */,
			);
			sourceTree = "<group>";
		};
		BA3B9EA22B16ADAA00EED3B8 /* Products */ = {
			isa = PBXGroup;
			children = (
				BA3B9EA12B16ADAA00EED3B8 /* PhotoGalleryApp.app */,
				BA3B9EB12B16ADAC00EED3B8 /* PhotoGalleryAppTests.xctest */,
				BA3B9EBB2B16ADAC00EED3B8 /* PhotoGalleryAppUITests.xctest */,
			);
			name = Products;
			sourceTree = "<group>";
		};
		BA3B9EA32B16ADAA00EED3B8 /* PhotoGalleryApp */ = {
			isa = PBXGroup;
			children = (
				BA3B9EA42B16ADAA00EED3B8 /* PhotoGalleryAppApp.swift */,
				BA3B9EA62B16ADAA00EED3B8 /* ContentView.swift */,
				BA3B9EA82B16ADAB00EED3B8 /* Assets.xcassets */,
				BA3B9EAA2B16ADAB00EED3B8 /* Preview Content */,
				BAE4DB572B185B0D00B7672C /* FullscreenImageView.swift */,
				BAE4DB592B185D4600B7672C /* ImagePicker.swift */,
				BAE4DB5B2B185E0D00B7672C /* FolderView.swift */,
				BAE4DB5D2B185E3E00B7672C /* PhotoGridView.swift */,
				BAE4DB5F2B185E5C00B7672C /* NewFolderView.swift */,
				BAE4DB612B185EBC00B7672C /* FolderSelectionView.swift */,
				BAE4DB632B185EE900B7672C /* PhotoFolder.swift */,
			);
			path = PhotoGalleryApp;
			sourceTree = "<group>";
		};
		BA3B9EAA2B16ADAB00EED3B8 /* Preview Content */ = {
			isa = PBXGroup;
			children = (
				BA3B9EAB2B16ADAB00EED3B8 /* Preview Assets.xcassets */,
			);
			path = "Preview Content";
			sourceTree = "<group>";
		};
		BA3B9EB42B16ADAC00EED3B8 /* PhotoGalleryAppTests */ = {
			isa = PBXGroup;
			children = (
				BA3B9EB52B16ADAC00EED3B8 /* PhotoGalleryAppTests.swift */,
			);
			path = PhotoGalleryAppTests;
			sourceTree = "<group>";
		};
		BA3B9EBE2B16ADAC00EED3B8 /* PhotoGalleryAppUITests */ = {
			isa = PBXGroup;
			children = (
				BA3B9EBF2B16ADAC00EED3B8 /* PhotoGalleryAppUITests.swift */,
				BA3B9EC12B16ADAC00EED3B8 /* PhotoGalleryAppUITestsLaunchTests.swift */,
			);
			path = PhotoGalleryAppUITests;
			sourceTree = "<group>";
		};
/* End PBXGroup section */

/* Begin PBXNativeTarget section */
		BA3B9EA02B16ADAA00EED3B8 /* PhotoGalleryApp */ = {
			isa = PBXNativeTarget;
			buildConfigurationList = BA3B9EC52B16ADAC00EED3B8 /* Build configuration list for PBXNativeTarget "PhotoGalleryApp" */;
			buildPhases = (
				BA3B9E9D2B16ADAA00EED3B8 /* Sources */,
				BA3B9E9E2B16ADAA00EED3B8 /* Frameworks */,
				BA3B9E9F2B16ADAA00EED3B8 /* Resources */,
			);
			buildRules = (
			);
			dependencies = (
			);
			name = PhotoGalleryApp;
			productName = PhotoGalleryApp;
			productReference = BA3B9EA12B16ADAA00EED3B8 /* PhotoGalleryApp.app */;
			productType = "com.apple.product-type.application";
		};
		BA3B9EB02B16ADAC00EED3B8 /* PhotoGalleryAppTests */ = {
			isa = PBXNativeTarget;
			buildConfigurationList = BA3B9EC82B16ADAC00EED3B8 /* Build configuration list for PBXNativeTarget "PhotoGalleryAppTests" */;
			buildPhases = (
				BA3B9EAD2B16ADAC00EED3B8 /* Sources */,
				BA3B9EAE2B16ADAC00EED3B8 /* Frameworks */,
				BA3B9EAF2B16ADAC00EED3B8 /* Resources */,
			);
			buildRules = (
			);
			dependencies = (
				BA3B9EB32B16ADAC00EED3B8 /* PBXTargetDependency */,
			);
			name = PhotoGalleryAppTests;
			productName = PhotoGalleryAppTests;
			productReference = BA3B9EB12B16ADAC00EED3B8 /* PhotoGalleryAppTests.xctest */;
			productType = "com.apple.product-type.bundle.unit-test";
		};
		BA3B9EBA2B16ADAC00EED3B8 /* PhotoGalleryAppUITests */ = {
			isa = PBXNativeTarget;
			buildConfigurationList = BA3B9ECB2B16ADAC00EED3B8 /* Build configuration list for PBXNativeTarget "PhotoGalleryAppUITests" */;
			buildPhases = (
				BA3B9EB72B16ADAC00EED3B8 /* Sources */,
				BA3B9EB82B16ADAC00EED3B8 /* Frameworks */,
				BA3B9EB92B16ADAC00EED3B8 /* Resources */,
			);
			buildRules = (
			);
			dependencies = (
				BA3B9EBD2B16ADAC00EED3B8 /* PBXTargetDependency */,
			);
			name = PhotoGalleryAppUITests;
			productName = PhotoGalleryAppUITests;
			productReference = BA3B9EBB2B16ADAC00EED3B8 /* PhotoGalleryAppUITests.xctest */;
			productType = "com.apple.product-type.bundle.ui-testing";
		};
/* End PBXNativeTarget section */

/* Begin PBXProject section */
		BA3B9E992B16ADA900EED3B8 /* Project object */ = {
			isa = PBXProject;
			attributes = {
				BuildIndependentTargetsInParallel = 1;
				LastSwiftUpdateCheck = 1500;
				LastUpgradeCheck = 1500;
				TargetAttributes = {
					BA3B9EA02B16ADAA00EED3B8 = {
						CreatedOnToolsVersion = 15.0.1;
					};
					BA3B9EB02B16ADAC00EED3B8 = {
						CreatedOnToolsVersion = 15.0.1;
						TestTargetID = BA3B9EA02B16ADAA00EED3B8;
					};
					BA3B9EBA2B16ADAC00EED3B8 = {
						CreatedOnToolsVersion = 15.0.1;
						TestTargetID = BA3B9EA02B16ADAA00EED3B8;
					};
				};
			};
			buildConfigurationList = BA3B9E9C2B16ADAA00EED3B8 /* Build configuration list for PBXProject "PhotoGalleryApp" */;
			compatibilityVersion = "Xcode 14.0";
			developmentRegion = en;
			hasScannedForEncodings = 0;
			knownRegions = (
				en,
				Base,
			);
			mainGroup = BA3B9E982B16ADA900EED3B8;
			productRefGroup = BA3B9EA22B16ADAA00EED3B8 /* Products */;
			projectDirPath = "";
			projectRoot = "";
			targets = (
				BA3B9EA02B16ADAA00EED3B8 /* PhotoGalleryApp */,
				BA3B9EB02B16ADAC00EED3B8 /* PhotoGalleryAppTests */,
				BA3B9EBA2B16ADAC00EED3B8 /* PhotoGalleryAppUITests */,
			);
		};
/* End PBXProject section */

/* Begin PBXResourcesBuildPhase section */
		BA3B9E9F2B16ADAA00EED3B8 /* Resources */ = {
			isa = PBXResourcesBuildPhase;
			buildActionMask = 2147483647;
			files = (
				BA3B9EAC2B16ADAB00EED3B8 /* Preview Assets.xcassets in Resources */,
				BA3B9EA92B16ADAB00EED3B8 /* Assets.xcassets in Resources */,
			);
			runOnlyForDeploymentPostprocessing = 0;
		};
		BA3B9EAF2B16ADAC00EED3B8 /* Resources */ = {
			isa = PBXResourcesBuildPhase;
			buildActionMask = 2147483647;
			files = (
			);
			runOnlyForDeploymentPostprocessing = 0;
		};
		BA3B9EB92B16ADAC00EED3B8 /* Resources */ = {
			isa = PBXResourcesBuildPhase;
			buildActionMask = 2147483647;
			files = (
			);
			runOnlyForDeploymentPostprocessing = 0;
		};
/* End PBXResourcesBuildPhase section */

/* Begin PBXSourcesBuildPhase section */
		BA3B9E9D2B16ADAA00EED3B8 /* Sources */ = {
			isa = PBXSourcesBuildPhase;
			buildActionMask = 2147483647;
			files = (
				BAE4DB602B185E5C00B7672C /* NewFolderView.swift in Sources */,
				BAE4DB642B185EE900B7672C /* PhotoFolder.swift in Sources */,
				BAE4DB622B185EBC00B7672C /* FolderSelectionView.swift in Sources */,
				BAE4DB5C2B185E0D00B7672C /* FolderView.swift in Sources */,
				BAE4DB5E2B185E3E00B7672C /* PhotoGridView.swift in Sources */,
				BA3B9EA72B16ADAA00EED3B8 /* ContentView.swift in Sources */,
				BAE4DB5A2B185D4600B7672C /* ImagePicker.swift in Sources */,
				BAE4DB582B185B0D00B7672C /* FullscreenImageView.swift in Sources */,
				BA3B9EA52B16ADAA00EED3B8 /* PhotoGalleryAppApp.swift in Sources */,
			);
			runOnlyForDeploymentPostprocessing = 0;
		};
		BA3B9EAD2B16ADAC00EED3B8 /* Sources */ = {
			isa = PBXSourcesBuildPhase;
			buildActionMask = 2147483647;
			files = (
				BA3B9EB62B16ADAC00EED3B8 /* PhotoGalleryAppTests.swift in Sources */,
			);
			runOnlyForDeploymentPostprocessing = 0;
		};
		BA3B9EB72B16ADAC00EED3B8 /* Sources */ = {
			isa = PBXSourcesBuildPhase;
			buildActionMask = 2147483647;
			files = (
				BA3B9EC22B16ADAC00EED3B8 /* PhotoGalleryAppUITestsLaunchTests.swift in Sources */,
				BA3B9EC02B16ADAC00EED3B8 /* PhotoGalleryAppUITests.swift in Sources */,
			);
			runOnlyForDeploymentPostprocessing = 0;
		};
/* End PBXSourcesBuildPhase section */

/* Begin PBXTargetDependency section */
		BA3B9EB32B16ADAC00EED3B8 /* PBXTargetDependency */ = {
			isa = PBXTargetDependency;
			target = BA3B9EA02B16ADAA00EED3B8 /* PhotoGalleryApp */;
			targetProxy = BA3B9EB22B16ADAC00EED3B8 /* PBXContainerItemProxy */;
		};
		BA3B9EBD2B16ADAC00EED3B8 /* PBXTargetDependency */ = {
			isa = PBXTargetDependency;
			target = BA3B9EA02B16ADAA00EED3B8 /* PhotoGalleryApp */;
			targetProxy = BA3B9EBC2B16ADAC00EED3B8 /* PBXContainerItemProxy */;
		};
/* End PBXTargetDependency section */

/* Begin XCBuildConfiguration section */
		BA3B9EC32B16ADAC00EED3B8 /* Debug */ = {
			isa = XCBuildConfiguration;
			buildSettings = {
				ALWAYS_SEARCH_USER_PATHS = NO;
				ASSETCATALOG_COMPILER_GENERATE_SWIFT_ASSET_SYMBOL_EXTENSIONS = YES;
				CLANG_ANALYZER_NONNULL = YES;
				CLANG_ANALYZER_NUMBER_OBJECT_CONVERSION = YES_AGGRESSIVE;
				CLANG_CXX_LANGUAGE_STANDARD = "gnu++20";
				CLANG_ENABLE_MODULES = YES;
				CLANG_ENABLE_OBJC_ARC = YES;
				CLANG_ENABLE_OBJC_WEAK = YES;
				CLANG_WARN_BLOCK_CAPTURE_AUTORELEASING = YES;
				CLANG_WARN_BOOL_CONVERSION = YES;
				CLANG_WARN_COMMA = YES;
				CLANG_WARN_CONSTANT_CONVERSION = YES;
				CLANG_WARN_DEPRECATED_OBJC_IMPLEMENTATIONS = YES;
				CLANG_WARN_DIRECT_OBJC_ISA_USAGE = YES_ERROR;
				CLANG_WARN_DOCUMENTATION_COMMENTS = YES;
				CLANG_WARN_EMPTY_BODY = YES;
				CLANG_WARN_ENUM_CONVERSION = YES;
				CLANG_WARN_INFINITE_RECURSION = YES;
				CLANG_WARN_INT_CONVERSION = YES;
				CLANG_WARN_NON_LITERAL_NULL_CONVERSION = YES;
				CLANG_WARN_OBJC_IMPLICIT_RETAIN_SELF = YES;
				CLANG_WARN_OBJC_LITERAL_CONVERSION = YES;
				CLANG_WARN_OBJC_ROOT_CLASS = YES_ERROR;
				CLANG_WARN_QUOTED_INCLUDE_IN_FRAMEWORK_HEADER = YES;
				CLANG_WARN_RANGE_LOOP_ANALYSIS = YES;
				CLANG_WARN_STRICT_PROTOTYPES = YES;
				CLANG_WARN_SUSPICIOUS_MOVE = YES;
				CLANG_WARN_UNGUARDED_AVAILABILITY = YES_AGGRESSIVE;
				CLANG_WARN_UNREACHABLE_CODE = YES;
				CLANG_WARN__DUPLICATE_METHOD_MATCH = YES;
				COPY_PHASE_STRIP = NO;
				DEBUG_INFORMATION_FORMAT = dwarf;
				ENABLE_STRICT_OBJC_MSGSEND = YES;
				ENABLE_TESTABILITY = YES;
				ENABLE_USER_SCRIPT_SANDBOXING = YES;
				GCC_C_LANGUAGE_STANDARD = gnu17;
				GCC_DYNAMIC_NO_PIC = NO;
				GCC_NO_COMMON_BLOCKS = YES;
				GCC_OPTIMIZATION_LEVEL = 0;
				GCC_PREPROCESSOR_DEFINITIONS = (
					"DEBUG=1",
					"$(inherited)",
				);
				GCC_WARN_64_TO_32_BIT_CONVERSION = YES;
				GCC_WARN_ABOUT_RETURN_TYPE = YES_ERROR;
				GCC_WARN_UNDECLARED_SELECTOR = YES;
				GCC_WARN_UNINITIALIZED_AUTOS = YES_AGGRESSIVE;
				GCC_WARN_UNUSED_FUNCTION = YES;
				GCC_WARN_UNUSED_VARIABLE = YES;
				IPHONEOS_DEPLOYMENT_TARGET = 17.0;
				LOCALIZATION_PREFERS_STRING_CATALOGS = YES;
				MTL_ENABLE_DEBUG_INFO = INCLUDE_SOURCE;
				MTL_FAST_MATH = YES;
				ONLY_ACTIVE_ARCH = YES;
				SDKROOT = iphoneos;
				SWIFT_ACTIVE_COMPILATION_CONDITIONS = "DEBUG $(inherited)";
				SWIFT_OPTIMIZATION_LEVEL = "-Onone";
			};
			name = Debug;
		};
		BA3B9EC42B16ADAC00EED3B8 /* Release */ = {
			isa = XCBuildConfiguration;
			buildSettings = {
				ALWAYS_SEARCH_USER_PATHS = NO;
				ASSETCATALOG_COMPILER_GENERATE_SWIFT_ASSET_SYMBOL_EXTENSIONS = YES;
				CLANG_ANALYZER_NONNULL = YES;
				CLANG_ANALYZER_NUMBER_OBJECT_CONVERSION = YES_AGGRESSIVE;
				CLANG_CXX_LANGUAGE_STANDARD = "gnu++20";
				CLANG_ENABLE_MODULES = YES;
				CLANG_ENABLE_OBJC_ARC = YES;
				CLANG_ENABLE_OBJC_WEAK = YES;
				CLANG_WARN_BLOCK_CAPTURE_AUTORELEASING = YES;
				CLANG_WARN_BOOL_CONVERSION = YES;
				CLANG_WARN_COMMA = YES;
				CLANG_WARN_CONSTANT_CONVERSION = YES;
				CLANG_WARN_DEPRECATED_OBJC_IMPLEMENTATIONS = YES;
				CLANG_WARN_DIRECT_OBJC_ISA_USAGE = YES_ERROR;
				CLANG_WARN_DOCUMENTATION_COMMENTS = YES;
				CLANG_WARN_EMPTY_BODY = YES;
				CLANG_WARN_ENUM_CONVERSION = YES;
				CLANG_WARN_INFINITE_RECURSION = YES;
				CLANG_WARN_INT_CONVERSION = YES;
				CLANG_WARN_NON_LITERAL_NULL_CONVERSION = YES;
				CLANG_WARN_OBJC_IMPLICIT_RETAIN_SELF = YES;
				CLANG_WARN_OBJC_LITERAL_CONVERSION = YES;
				CLANG_WARN_OBJC_ROOT_CLASS = YES_ERROR;
				CLANG_WARN_QUOTED_INCLUDE_IN_FRAMEWORK_HEADER = YES;
				CLANG_WARN_RANGE_LOOP_ANALYSIS = YES;
				CLANG_WARN_STRICT_PROTOTYPES = YES;
				CLANG_WARN_SUSPICIOUS_MOVE = YES;
				CLANG_WARN_UNGUARDED_AVAILABILITY = YES_AGGRESSIVE;
				CLANG_WARN_UNREACHABLE_CODE = YES;
				CLANG_WARN__DUPLICATE_METHOD_MATCH = YES;
				COPY_PHASE_STRIP = NO;
				DEBUG_INFORMATION_FORMAT = "dwarf-with-dsym";
				ENABLE_NS_ASSERTIONS = NO;
				ENABLE_STRICT_OBJC_MSGSEND = YES;
				ENABLE_USER_SCRIPT_SANDBOXING = YES;
				GCC_C_LANGUAGE_STANDARD = gnu17;
				GCC_NO_COMMON_BLOCKS = YES;
				GCC_WARN_64_TO_32_BIT_CONVERSION = YES;
				GCC_WARN_ABOUT_RETURN_TYPE = YES_ERROR;
				GCC_WARN_UNDECLARED_SELECTOR = YES;
				GCC_WARN_UNINITIALIZED_AUTOS = YES_AGGRESSIVE;
				GCC_WARN_UNUSED_FUNCTION = YES;
				GCC_WARN_UNUSED_VARIABLE = YES;
				IPHONEOS_DEPLOYMENT_TARGET = 17.0;
				LOCALIZATION_PREFERS_STRING_CATALOGS = YES;
				MTL_ENABLE_DEBUG_INFO = NO;
				MTL_FAST_MATH = YES;
				SDKROOT = iphoneos;
				SWIFT_COMPILATION_MODE = wholemodule;
				VALIDATE_PRODUCT = YES;
			};
			name = Release;
		};
		BA3B9EC62B16ADAC00EED3B8 /* Debug */ = {
			isa = XCBuildConfiguration;
			buildSettings = {
				ASSETCATALOG_COMPILER_APPICON_NAME = AppIcon;
				ASSETCATALOG_COMPILER_GLOBAL_ACCENT_COLOR_NAME = AccentColor;
				CODE_SIGN_STYLE = Automatic;
				CURRENT_PROJECT_VERSION = 1;
				DEVELOPMENT_ASSET_PATHS = "\"PhotoGalleryApp/Preview Content\"";
				DEVELOPMENT_TEAM = 8H2AN6GQ73;
				ENABLE_PREVIEWS = YES;
				GENERATE_INFOPLIST_FILE = YES;
				INFOPLIST_KEY_UIApplicationSceneManifest_Generation = YES;
				INFOPLIST_KEY_UIApplicationSupportsIndirectInputEvents = YES;
				INFOPLIST_KEY_UILaunchScreen_Generation = YES;
				INFOPLIST_KEY_UISupportedInterfaceOrientations_iPad = "UIInterfaceOrientationPortrait UIInterfaceOrientationPortraitUpsideDown UIInterfaceOrientationLandscapeLeft UIInterfaceOrientationLandscapeRight";
				INFOPLIST_KEY_UISupportedInterfaceOrientations_iPhone = "UIInterfaceOrientationPortrait UIInterfaceOrientationLandscapeLeft UIInterfaceOrientationLandscapeRight";
				LD_RUNPATH_SEARCH_PATHS = (
					"$(inherited)",
					"@executable_path/Frameworks",
				);
				MARKETING_VERSION = 1.0;
				PRODUCT_BUNDLE_IDENTIFIER = comamishgupta.PhotoGalleryApp;
				PRODUCT_NAME = "$(TARGET_NAME)";
				SWIFT_EMIT_LOC_STRINGS = YES;
				SWIFT_VERSION = 5.0;
				TARGETED_DEVICE_FAMILY = "1,2";
			};
			name = Debug;
		};
		BA3B9EC72B16ADAC00EED3B8 /* Release */ = {
			isa = XCBuildConfiguration;
			buildSettings = {
				ASSETCATALOG_COMPILER_APPICON_NAME = AppIcon;
				ASSETCATALOG_COMPILER_GLOBAL_ACCENT_COLOR_NAME = AccentColor;
				CODE_SIGN_STYLE = Automatic;
				CURRENT_PROJECT_VERSION = 1;
				DEVELOPMENT_ASSET_PATHS = "\"PhotoGalleryApp/Preview Content\"";
				DEVELOPMENT_TEAM = 8H2AN6GQ73;
				ENABLE_PREVIEWS = YES;
				GENERATE_INFOPLIST_FILE = YES;
				INFOPLIST_KEY_UIApplicationSceneManifest_Generation = YES;
				INFOPLIST_KEY_UIApplicationSupportsIndirectInputEvents = YES;
				INFOPLIST_KEY_UILaunchScreen_Generation = YES;
				INFOPLIST_KEY_UISupportedInterfaceOrientations_iPad = "UIInterfaceOrientationPortrait UIInterfaceOrientationPortraitUpsideDown UIInterfaceOrientationLandscapeLeft UIInterfaceOrientationLandscapeRight";
				INFOPLIST_KEY_UISupportedInterfaceOrientations_iPhone = "UIInterfaceOrientationPortrait UIInterfaceOrientationLandscapeLeft UIInterfaceOrientationLandscapeRight";
				LD_RUNPATH_SEARCH_PATHS = (
					"$(inherited)",
					"@executable_path/Frameworks",
				);
				MARKETING_VERSION = 1.0;
				PRODUCT_BUNDLE_IDENTIFIER = comamishgupta.PhotoGalleryApp;
				PRODUCT_NAME = "$(TARGET_NAME)";
				SWIFT_EMIT_LOC_STRINGS = YES;
				SWIFT_VERSION = 5.0;
				TARGETED_DEVICE_FAMILY = "1,2";
			};
			name = Release;
		};
		BA3B9EC92B16ADAC00EED3B8 /* Debug */ = {
			isa = XCBuildConfiguration;
			buildSettings = {
				ALWAYS_EMBED_SWIFT_STANDARD_LIBRARIES = YES;
				BUNDLE_LOADER = "$(TEST_HOST)";
				CODE_SIGN_STYLE = Automatic;
				CURRENT_PROJECT_VERSION = 1;
				DEVELOPMENT_TEAM = 8H2AN6GQ73;
				GENERATE_INFOPLIST_FILE = YES;
				IPHONEOS_DEPLOYMENT_TARGET = 17.0;
				MARKETING_VERSION = 1.0;
				PRODUCT_BUNDLE_IDENTIFIER = comamishgupta.PhotoGalleryAppTests;
				PRODUCT_NAME = "$(TARGET_NAME)";
				SWIFT_EMIT_LOC_STRINGS = NO;
				SWIFT_VERSION = 5.0;
				TARGETED_DEVICE_FAMILY = "1,2";
				TEST_HOST = "$(BUILT_PRODUCTS_DIR)/PhotoGalleryApp.app/$(BUNDLE_EXECUTABLE_FOLDER_PATH)/PhotoGalleryApp";
			};
			name = Debug;
		};
		BA3B9ECA2B16ADAC00EED3B8 /* Release */ = {
			isa = XCBuildConfiguration;
			buildSettings = {
				ALWAYS_EMBED_SWIFT_STANDARD_LIBRARIES = YES;
				BUNDLE_LOADER = "$(TEST_HOST)";
				CODE_SIGN_STYLE = Automatic;
				CURRENT_PROJECT_VERSION = 1;
				DEVELOPMENT_TEAM = 8H2AN6GQ73;
				GENERATE_INFOPLIST_FILE = YES;
				IPHONEOS_DEPLOYMENT_TARGET = 17.0;
				MARKETING_VERSION = 1.0;
				PRODUCT_BUNDLE_IDENTIFIER = comamishgupta.PhotoGalleryAppTests;
				PRODUCT_NAME = "$(TARGET_NAME)";
				SWIFT_EMIT_LOC_STRINGS = NO;
				SWIFT_VERSION = 5.0;
				TARGETED_DEVICE_FAMILY = "1,2";
				TEST_HOST = "$(BUILT_PRODUCTS_DIR)/PhotoGalleryApp.app/$(BUNDLE_EXECUTABLE_FOLDER_PATH)/PhotoGalleryApp";
			};
			name = Release;
		};
		BA3B9ECC2B16ADAC00EED3B8 /* Debug */ = {
			isa = XCBuildConfiguration;
			buildSettings = {
				ALWAYS_EMBED_SWIFT_STANDARD_LIBRARIES = YES;
				CODE_SIGN_STYLE = Automatic;
				CURRENT_PROJECT_VERSION = 1;
				DEVELOPMENT_TEAM = 8H2AN6GQ73;
				GENERATE_INFOPLIST_FILE = YES;
				MARKETING_VERSION = 1.0;
				PRODUCT_BUNDLE_IDENTIFIER = comamishgupta.PhotoGalleryAppUITests;
				PRODUCT_NAME = "$(TARGET_NAME)";
				SWIFT_EMIT_LOC_STRINGS = NO;
				SWIFT_VERSION = 5.0;
				TARGETED_DEVICE_FAMILY = "1,2";
				TEST_TARGET_NAME = PhotoGalleryApp;
			};
			name = Debug;
		};
		BA3B9ECD2B16ADAC00EED3B8 /* Release */ = {
			isa = XCBuildConfiguration;
			buildSettings = {
				ALWAYS_EMBED_SWIFT_STANDARD_LIBRARIES = YES;
				CODE_SIGN_STYLE = Automatic;
				CURRENT_PROJECT_VERSION = 1;
				DEVELOPMENT_TEAM = 8H2AN6GQ73;
				GENERATE_INFOPLIST_FILE = YES;
				MARKETING_VERSION = 1.0;
				PRODUCT_BUNDLE_IDENTIFIER = comamishgupta.PhotoGalleryAppUITests;
				PRODUCT_NAME = "$(TARGET_NAME)";
				SWIFT_EMIT_LOC_STRINGS = NO;
				SWIFT_VERSION = 5.0;
				TARGETED_DEVICE_FAMILY = "1,2";
				TEST_TARGET_NAME = PhotoGalleryApp;
			};
			name = Release;
		};
/* End XCBuildConfiguration section */

/* Begin XCConfigurationList section */
		BA3B9E9C2B16ADAA00EED3B8 /* Build configuration list for PBXProject "PhotoGalleryApp" */ = {
			isa = XCConfigurationList;
			buildConfigurations = (
				BA3B9EC32B16ADAC00EED3B8 /* Debug */,
				BA3B9EC42B16ADAC00EED3B8 /* Release */,
			);
			defaultConfigurationIsVisible = 0;
			defaultConfigurationName = Release;
		};
		BA3B9EC52B16ADAC00EED3B8 /* Build configuration list for PBXNativeTarget "PhotoGalleryApp" */ = {
			isa = XCConfigurationList;
			buildConfigurations = (
				BA3B9EC62B16ADAC00EED3B8 /* Debug */,
				BA3B9EC72B16ADAC00EED3B8 /* Release */,
			);
			defaultConfigurationIsVisible = 0;
			defaultConfigurationName = Release;
		};
		BA3B9EC82B16ADAC00EED3B8 /* Build configuration list for PBXNativeTarget "PhotoGalleryAppTests" */ = {
			isa = XCConfigurationList;
			buildConfigurations = (
				BA3B9EC92B16ADAC00EED3B8 /* Debug */,
				BA3B9ECA2B16ADAC00EED3B8 /* Release */,
			);
			defaultConfigurationIsVisible = 0;
			defaultConfigurationName = Release;
		};
		BA3B9ECB2B16ADAC00EED3B8 /* Build configuration list for PBXNativeTarget "PhotoGalleryAppUITests" */ = {
			isa = XCConfigurationList;
			buildConfigurations = (
				BA3B9ECC2B16ADAC00EED3B8 /* Debug */,
				BA3B9ECD2B16ADAC00EED3B8 /* Release */,
			);
			defaultConfigurationIsVisible = 0;
			defaultConfigurationName = Release;
		};
/* End XCConfigurationList section */
	};
	rootObject = BA3B9E992B16ADA900EED3B8 /* Project object */;
}
